
Microsoft Visual Studio Solution File, Format Version 12.00
# Visual Studio Version 17
VisualStudioVersion = 17.10.35201.131
MinimumVisualStudioVersion = 10.0.40219.1
Project("{FAE04EC0-301F-11D3-BF4B-00C04F79EFBC}") = "Mezzex.com", "Mezzex.com\Mezzex.com.csproj", "{6A452388-7FFF-4429-ABDA-A8594B9C52BA}"
EndProject
Global
	GlobalSection(SolutionConfigurationPlatforms) = preSolution
		Debug|Any CPU = Debug|Any CPU
		Release|Any CPU = Release|Any CPU
	EndGlobalSection
	GlobalSection(ProjectConfigurationPlatforms) = postSolution
		{6A452388-7FFF-4429-ABDA-A8594B9C52BA}.Debug|Any CPU.ActiveCfg = Debug|Any CPU
		{6A452388-7FFF-4429-ABDA-A8594B9C52BA}.Debug|Any CPU.Build.0 = Debug|Any CPU
		{6A452388-7FFF-4429-ABDA-A8594B9C52BA}.Release|Any CPU.ActiveCfg = Release|Any CPU
		{6A452388-7FFF-4429-ABDA-A8594B9C52BA}.Release|Any CPU.Build.0 = Release|Any CPU
	EndGlobalSection
	GlobalSection(SolutionProperties) = preSolution
		HideSolutionNode = FALSE
	EndGlobalSection
	GlobalSection(ExtensibilityGlobals) = postSolution
		SolutionGuid = {C19BD197-103B-4D4E-B847-8FCFAB8C4B88}
	EndGlobalSection
EndGlobal
